
Microsoft Visual Studio Solution File, Format Version 12.00
# Visual Studio Version 16
VisualStudioVersion = 16.0.30114.105
MinimumVisualStudioVersion = 10.0.40219.1
Project("{FAE04EC0-301F-11D3-BF4B-00C04F79EFBC}") = "Mabel_Rainbow", "Mabel_Rainbow.csproj", "{0D5AB264-5557-416A-B914-708810EA739F}"
EndProject
Global
	GlobalSection(SolutionConfigurationPlatforms) = preSolution
		Debug|Any CPU = Debug|Any CPU
		Release|Any CPU = Release|Any CPU
	EndGlobalSection
	GlobalSection(ProjectConfigurationPlatforms) = postSolution
		{0D5AB264-5557-416A-B914-708810EA739F}.Debug|Any CPU.ActiveCfg = Debug|Any CPU
		{0D5AB264-5557-416A-B914-708810EA739F}.Debug|Any CPU.Build.0 = Debug|Any CPU
		{0D5AB264-5557-416A-B914-708810EA739F}.Release|Any CPU.ActiveCfg = Release|Any CPU
		{0D5AB264-5557-416A-B914-708810EA739F}.Release|Any CPU.Build.0 = Release|Any CPU
	EndGlobalSection
	GlobalSection(SolutionProperties) = preSolution
		HideSolutionNode = FALSE
	EndGlobalSection
	GlobalSection(ExtensibilityGlobals) = postSolution
		SolutionGuid = {420C20F5-B12D-4338-9098-F6CFEFEB83DE}
	EndGlobalSection
EndGlobal
